
Microsoft Visual Studio Solution File, Format Version 12.00
# Visual Studio Version 16
VisualStudioVersion = 16.0.30330.147
MinimumVisualStudioVersion = 10.0.40219.1
Project("{FAE04EC0-301F-11D3-BF4B-00C04F79EFBC}") = "IT391M5", "IT391M5\IT391M5.csproj", "{8839BD0B-75FD-436F-8F78-A2617EC44F19}"
EndProject
Global
	GlobalSection(SolutionConfigurationPlatforms) = preSolution
		Debug|Any CPU = Debug|Any CPU
		Release|Any CPU = Release|Any CPU
	EndGlobalSection
	GlobalSection(ProjectConfigurationPlatforms) = postSolution
		{8839BD0B-75FD-436F-8F78-A2617EC44F19}.Debug|Any CPU.ActiveCfg = Debug|Any CPU
		{8839BD0B-75FD-436F-8F78-A2617EC44F19}.Debug|Any CPU.Build.0 = Debug|Any CPU
		{8839BD0B-75FD-436F-8F78-A2617EC44F19}.Release|Any CPU.ActiveCfg = Release|Any CPU
		{8839BD0B-75FD-436F-8F78-A2617EC44F19}.Release|Any CPU.Build.0 = Release|Any CPU
	EndGlobalSection
	GlobalSection(SolutionProperties) = preSolution
		HideSolutionNode = FALSE
	EndGlobalSection
	GlobalSection(ExtensibilityGlobals) = postSolution
		SolutionGuid = {0C2A96EA-8659-4C7E-B1F6-0ADAB80D3B81}
	EndGlobalSection
EndGlobal
